// !$*UTF8*$!
{
	archiveVersion = 1;
	classes = {
	};
	objectVersion = 55;
	objects = {

/* Begin PBXBuildFile section */
		FD274A82279D0F9900A03D02 /* SideBar.swift in Sources */ = {isa = PBXBuildFile; fileRef = FD274A81279D0F9900A03D02 /* SideBar.swift */; };
		FD274A84279D103000A03D02 /* SideBarContent.swift in Sources */ = {isa = PBXBuildFile; fileRef = FD274A83279D103000A03D02 /* SideBarContent.swift */; };
		FD396B612799309C0095FB3D /* CalculateButton.swift in Sources */ = {isa = PBXBuildFile; fileRef = FD396B602799309C0095FB3D /* CalculateButton.swift */; };
		FD396B63279930CC0095FB3D /* ClearButton.swift in Sources */ = {isa = PBXBuildFile; fileRef = FD396B62279930CC0095FB3D /* ClearButton.swift */; };
		FDB411BE279B2A5B00EA6D27 /* TaxView.swift in Sources */ = {isa = PBXBuildFile; fileRef = FDB411BD279B2A5B00EA6D27 /* TaxView.swift */; };
		FDC0CF28279E0EF70067B276 /* List.swift in Sources */ = {isa = PBXBuildFile; fileRef = FDC0CF27279E0EF70067B276 /* List.swift */; };
		FDC0CF2A279E1C080067B276 /* ListItem.swift in Sources */ = {isa = PBXBuildFile; fileRef = FDC0CF29279E1C080067B276 /* ListItem.swift */; };
		FDC0CF2C279E50880067B276 /* NewTotalView.swift in Sources */ = {isa = PBXBuildFile; fileRef = FDC0CF2B279E50880067B276 /* NewTotalView.swift */; };
		FDC0CF2F279E5D230067B276 /* NewTotalViewMod.swift in Sources */ = {isa = PBXBuildFile; fileRef = FDC0CF2E279E5D230067B276 /* NewTotalViewMod.swift */; };
		FDC0CF31279E5D680067B276 /* SmallViewsMod.swift in Sources */ = {isa = PBXBuildFile; fileRef = FDC0CF30279E5D680067B276 /* SmallViewsMod.swift */; };
		FDC0CF33279E5DF70067B276 /* TotalViewMod.swift in Sources */ = {isa = PBXBuildFile; fileRef = FDC0CF32279E5DF70067B276 /* TotalViewMod.swift */; };
		FDC0CF35279E75810067B276 /* SettingsView.swift in Sources */ = {isa = PBXBuildFile; fileRef = FDC0CF34279E75810067B276 /* SettingsView.swift */; };
		FDC0CF37279E75970067B276 /* HistoryView.swift in Sources */ = {isa = PBXBuildFile; fileRef = FDC0CF36279E75970067B276 /* HistoryView.swift */; };
		FDE73DE12795353700386DD4 /* ShoppingCalcApp.swift in Sources */ = {isa = PBXBuildFile; fileRef = FDE73DE02795353700386DD4 /* ShoppingCalcApp.swift */; };
		FDE73DE52795353800386DD4 /* Assets.xcassets in Resources */ = {isa = PBXBuildFile; fileRef = FDE73DE42795353800386DD4 /* Assets.xcassets */; };
		FDE73E0F279678BF00386DD4 /* FullPriceView.swift in Sources */ = {isa = PBXBuildFile; fileRef = FDE73E0E279678BF00386DD4 /* FullPriceView.swift */; };
		FDE73E11279678E600386DD4 /* DiscountView.swift in Sources */ = {isa = PBXBuildFile; fileRef = FDE73E10279678E600386DD4 /* DiscountView.swift */; };
		FDE73E132796790600386DD4 /* ListView.swift in Sources */ = {isa = PBXBuildFile; fileRef = FDE73E122796790600386DD4 /* ListView.swift */; };
		FDE73E152796793500386DD4 /* MainView.swift in Sources */ = {isa = PBXBuildFile; fileRef = FDE73E142796793500386DD4 /* MainView.swift */; };
		FDE73E172796795E00386DD4 /* CalculatorView.swift in Sources */ = {isa = PBXBuildFile; fileRef = FDE73E162796795E00386DD4 /* CalculatorView.swift */; };
		FDE73E1A279748C800386DD4 /* FullPrice.swift in Sources */ = {isa = PBXBuildFile; fileRef = FDE73E19279748C800386DD4 /* FullPrice.swift */; };
		FDE73E1C279748FA00386DD4 /* Discount.swift in Sources */ = {isa = PBXBuildFile; fileRef = FDE73E1B279748FA00386DD4 /* Discount.swift */; };
		FDE73E1E2797490A00386DD4 /* TotalAfterDiscount.swift in Sources */ = {isa = PBXBuildFile; fileRef = FDE73E1D2797490A00386DD4 /* TotalAfterDiscount.swift */; };
		FDE73E202797CFB700386DD4 /* TotalAfterDiscountView.swift in Sources */ = {isa = PBXBuildFile; fileRef = FDE73E1F2797CFB700386DD4 /* TotalAfterDiscountView.swift */; };
		FDEEB793279FD1880038350A /* AccentIcons.swift in Sources */ = {isa = PBXBuildFile; fileRef = FDEEB792279FD1880038350A /* AccentIcons.swift */; };
/* End PBXBuildFile section */

/* Begin PBXFileReference section */
		FD274A81279D0F9900A03D02 /* SideBar.swift */ = {isa = PBXFileReference; lastKnownFileType = sourcecode.swift; path = SideBar.swift; sourceTree = "<group>"; };
		FD274A83279D103000A03D02 /* SideBarContent.swift */ = {isa = PBXFileReference; lastKnownFileType = sourcecode.swift; path = SideBarContent.swift; sourceTree = "<group>"; };
		FD396B602799309C0095FB3D /* CalculateButton.swift */ = {isa = PBXFileReference; lastKnownFileType = sourcecode.swift; path = CalculateButton.swift; sourceTree = "<group>"; };
		FD396B62279930CC0095FB3D /* ClearButton.swift */ = {isa = PBXFileReference; lastKnownFileType = sourcecode.swift; path = ClearButton.swift; sourceTree = "<group>"; };
		FDB411BD279B2A5B00EA6D27 /* TaxView.swift */ = {isa = PBXFileReference; lastKnownFileType = sourcecode.swift; path = TaxView.swift; sourceTree = "<group>"; };
		FDC0CF27279E0EF70067B276 /* List.swift */ = {isa = PBXFileReference; lastKnownFileType = sourcecode.swift; path = List.swift; sourceTree = "<group>"; };
		FDC0CF29279E1C080067B276 /* ListItem.swift */ = {isa = PBXFileReference; lastKnownFileType = sourcecode.swift; path = ListItem.swift; sourceTree = "<group>"; };
		FDC0CF2B279E50880067B276 /* NewTotalView.swift */ = {isa = PBXFileReference; lastKnownFileType = sourcecode.swift; path = NewTotalView.swift; sourceTree = "<group>"; };
		FDC0CF2E279E5D230067B276 /* NewTotalViewMod.swift */ = {isa = PBXFileReference; lastKnownFileType = sourcecode.swift; path = NewTotalViewMod.swift; sourceTree = "<group>"; };
		FDC0CF30279E5D680067B276 /* SmallViewsMod.swift */ = {isa = PBXFileReference; lastKnownFileType = sourcecode.swift; path = SmallViewsMod.swift; sourceTree = "<group>"; };
		FDC0CF32279E5DF70067B276 /* TotalViewMod.swift */ = {isa = PBXFileReference; lastKnownFileType = sourcecode.swift; path = TotalViewMod.swift; sourceTree = "<group>"; };
		FDC0CF34279E75810067B276 /* SettingsView.swift */ = {isa = PBXFileReference; lastKnownFileType = sourcecode.swift; path = SettingsView.swift; sourceTree = "<group>"; };
		FDC0CF36279E75970067B276 /* HistoryView.swift */ = {isa = PBXFileReference; lastKnownFileType = sourcecode.swift; path = HistoryView.swift; sourceTree = "<group>"; };
		FDE73DDD2795353700386DD4 /* ShoppingCalc.app */ = {isa = PBXFileReference; explicitFileType = wrapper.application; includeInIndex = 0; path = ShoppingCalc.app; sourceTree = BUILT_PRODUCTS_DIR; };
		FDE73DE02795353700386DD4 /* ShoppingCalcApp.swift */ = {isa = PBXFileReference; lastKnownFileType = sourcecode.swift; path = ShoppingCalcApp.swift; sourceTree = "<group>"; };
		FDE73DE42795353800386DD4 /* Assets.xcassets */ = {isa = PBXFileReference; lastKnownFileType = folder.assetcatalog; path = Assets.xcassets; sourceTree = "<group>"; };
		FDE73E0E279678BF00386DD4 /* FullPriceView.swift */ = {isa = PBXFileReference; lastKnownFileType = sourcecode.swift; path = FullPriceView.swift; sourceTree = "<group>"; };
		FDE73E10279678E600386DD4 /* DiscountView.swift */ = {isa = PBXFileReference; lastKnownFileType = sourcecode.swift; path = DiscountView.swift; sourceTree = "<group>"; };
		FDE73E122796790600386DD4 /* ListView.swift */ = {isa = PBXFileReference; lastKnownFileType = sourcecode.swift; path = ListView.swift; sourceTree = "<group>"; };
		FDE73E142796793500386DD4 /* MainView.swift */ = {isa = PBXFileReference; lastKnownFileType = sourcecode.swift; path = MainView.swift; sourceTree = "<group>"; };
		FDE73E162796795E00386DD4 /* CalculatorView.swift */ = {isa = PBXFileReference; lastKnownFileType = sourcecode.swift; path = CalculatorView.swift; sourceTree = "<group>"; };
		FDE73E19279748C800386DD4 /* FullPrice.swift */ = {isa = PBXFileReference; lastKnownFileType = sourcecode.swift; path = FullPrice.swift; sourceTree = "<group>"; };
		FDE73E1B279748FA00386DD4 /* Discount.swift */ = {isa = PBXFileReference; lastKnownFileType = sourcecode.swift; path = Discount.swift; sourceTree = "<group>"; };
		FDE73E1D2797490A00386DD4 /* TotalAfterDiscount.swift */ = {isa = PBXFileReference; lastKnownFileType = sourcecode.swift; path = TotalAfterDiscount.swift; sourceTree = "<group>"; };
		FDE73E1F2797CFB700386DD4 /* TotalAfterDiscountView.swift */ = {isa = PBXFileReference; lastKnownFileType = sourcecode.swift; path = TotalAfterDiscountView.swift; sourceTree = "<group>"; };
		FDEEB792279FD1880038350A /* AccentIcons.swift */ = {isa = PBXFileReference; lastKnownFileType = sourcecode.swift; path = AccentIcons.swift; sourceTree = "<group>"; };
/* End PBXFileReference section */

/* Begin PBXFrameworksBuildPhase section */
		FDE73DDA2795353700386DD4 /* Frameworks */ = {
			isa = PBXFrameworksBuildPhase;
			buildActionMask = 2147483647;
			files = (
			);
			runOnlyForDeploymentPostprocessing = 0;
		};
/* End PBXFrameworksBuildPhase section */

/* Begin PBXGroup section */
		FD274A80279D0F5A00A03D02 /* SideBar */ = {
			isa = PBXGroup;
			children = (
				FD274A83279D103000A03D02 /* SideBarContent.swift */,
			);
			path = SideBar;
			sourceTree = "<group>";
		};
		FDC0CF2D279E5CE40067B276 /* ViewModifiers */ = {
			isa = PBXGroup;
			children = (
				FDC0CF2E279E5D230067B276 /* NewTotalViewMod.swift */,
				FDC0CF30279E5D680067B276 /* SmallViewsMod.swift */,
				FDC0CF32279E5DF70067B276 /* TotalViewMod.swift */,
				FDEEB792279FD1880038350A /* AccentIcons.swift */,
			);
			path = ViewModifiers;
			sourceTree = "<group>";
		};
		FDE73DD42795353700386DD4 = {
			isa = PBXGroup;
			children = (
				FDE73DDF2795353700386DD4 /* ShoppingCalc */,
				FDE73DDE2795353700386DD4 /* Products */,
			);
			sourceTree = "<group>";
		};
		FDE73DDE2795353700386DD4 /* Products */ = {
			isa = PBXGroup;
			children = (
				FDE73DDD2795353700386DD4 /* ShoppingCalc.app */,
			);
			name = Products;
			sourceTree = "<group>";
		};
		FDE73DDF2795353700386DD4 /* ShoppingCalc */ = {
			isa = PBXGroup;
			children = (
				FDE73DE02795353700386DD4 /* ShoppingCalcApp.swift */,
				FDC0CF2D279E5CE40067B276 /* ViewModifiers */,
				FDE73E182797488D00386DD4 /* Models */,
				FDE73E0D2796784200386DD4 /* View Components */,
				FD274A80279D0F5A00A03D02 /* SideBar */,
				FDE73E0C2796783200386DD4 /* Screens */,
				FDE73DE42795353800386DD4 /* Assets.xcassets */,
			);
			path = ShoppingCalc;
			sourceTree = "<group>";
		};
		FDE73E0C2796783200386DD4 /* Screens */ = {
			isa = PBXGroup;
			children = (
				FDE73E142796793500386DD4 /* MainView.swift */,
				FDE73E162796795E00386DD4 /* CalculatorView.swift */,
				FDE73E122796790600386DD4 /* ListView.swift */,
				FDC0CF34279E75810067B276 /* SettingsView.swift */,
				FDC0CF36279E75970067B276 /* HistoryView.swift */,
			);
			path = Screens;
			sourceTree = "<group>";
		};
		FDE73E0D2796784200386DD4 /* View Components */ = {
			isa = PBXGroup;
			children = (
				FDE73E0E279678BF00386DD4 /* FullPriceView.swift */,
				FDE73E10279678E600386DD4 /* DiscountView.swift */,
				FDE73E1F2797CFB700386DD4 /* TotalAfterDiscountView.swift */,
				FDB411BD279B2A5B00EA6D27 /* TaxView.swift */,
				FD396B602799309C0095FB3D /* CalculateButton.swift */,
				FD396B62279930CC0095FB3D /* ClearButton.swift */,
				FDC0CF29279E1C080067B276 /* ListItem.swift */,
				FDC0CF2B279E50880067B276 /* NewTotalView.swift */,
			);
			path = "View Components";
			sourceTree = "<group>";
		};
		FDE73E182797488D00386DD4 /* Models */ = {
			isa = PBXGroup;
			children = (
				FD274A81279D0F9900A03D02 /* SideBar.swift */,
				FDE73E19279748C800386DD4 /* FullPrice.swift */,
				FDE73E1B279748FA00386DD4 /* Discount.swift */,
				FDE73E1D2797490A00386DD4 /* TotalAfterDiscount.swift */,
				FDC0CF27279E0EF70067B276 /* List.swift */,
			);
			path = Models;
			sourceTree = "<group>";
		};
/* End PBXGroup section */

/* Begin PBXNativeTarget section */
		FDE73DDC2795353700386DD4 /* ShoppingCalc */ = {
			isa = PBXNativeTarget;
			buildConfigurationList = FDE73E012795353800386DD4 /* Build configuration list for PBXNativeTarget "ShoppingCalc" */;
			buildPhases = (
				FDE73DD92795353700386DD4 /* Sources */,
				FDE73DDA2795353700386DD4 /* Frameworks */,
				FDE73DDB2795353700386DD4 /* Resources */,
			);
			buildRules = (
			);
			dependencies = (
			);
			name = ShoppingCalc;
			packageProductDependencies = (
			);
			productName = ShoppingCalc;
			productReference = FDE73DDD2795353700386DD4 /* ShoppingCalc.app */;
			productType = "com.apple.product-type.application";
		};
/* End PBXNativeTarget section */

/* Begin PBXProject section */
		FDE73DD52795353700386DD4 /* Project object */ = {
			isa = PBXProject;
			attributes = {
				BuildIndependentTargetsInParallel = 1;
				LastSwiftUpdateCheck = 1320;
				LastUpgradeCheck = 1320;
				TargetAttributes = {
					FDE73DDC2795353700386DD4 = {
						CreatedOnToolsVersion = 13.2.1;
					};
				};
			};
			buildConfigurationList = FDE73DD82795353700386DD4 /* Build configuration list for PBXProject "ShoppingCalc" */;
			compatibilityVersion = "Xcode 13.0";
			developmentRegion = en;
			hasScannedForEncodings = 0;
			knownRegions = (
				en,
				Base,
			);
			mainGroup = FDE73DD42795353700386DD4;
			packageReferences = (
			);
			productRefGroup = FDE73DDE2795353700386DD4 /* Products */;
			projectDirPath = "";
			projectRoot = "";
			targets = (
				FDE73DDC2795353700386DD4 /* ShoppingCalc */,
			);
		};
/* End PBXProject section */

/* Begin PBXResourcesBuildPhase section */
		FDE73DDB2795353700386DD4 /* Resources */ = {
			isa = PBXResourcesBuildPhase;
			buildActionMask = 2147483647;
			files = (
				FDE73DE52795353800386DD4 /* Assets.xcassets in Resources */,
			);
			runOnlyForDeploymentPostprocessing = 0;
		};
/* End PBXResourcesBuildPhase section */

/* Begin PBXSourcesBuildPhase section */
		FDE73DD92795353700386DD4 /* Sources */ = {
			isa = PBXSourcesBuildPhase;
			buildActionMask = 2147483647;
			files = (
				FDC0CF31279E5D680067B276 /* SmallViewsMod.swift in Sources */,
				FDE73E152796793500386DD4 /* MainView.swift in Sources */,
				FDC0CF2F279E5D230067B276 /* NewTotalViewMod.swift in Sources */,
				FD274A84279D103000A03D02 /* SideBarContent.swift in Sources */,
				FD274A82279D0F9900A03D02 /* SideBar.swift in Sources */,
				FDE73E202797CFB700386DD4 /* TotalAfterDiscountView.swift in Sources */,
				FDC0CF37279E75970067B276 /* HistoryView.swift in Sources */,
				FDC0CF33279E5DF70067B276 /* TotalViewMod.swift in Sources */,
				FDB411BE279B2A5B00EA6D27 /* TaxView.swift in Sources */,
				FDE73E11279678E600386DD4 /* DiscountView.swift in Sources */,
				FDE73E1C279748FA00386DD4 /* Discount.swift in Sources */,
				FDE73E132796790600386DD4 /* ListView.swift in Sources */,
				FDE73E0F279678BF00386DD4 /* FullPriceView.swift in Sources */,
				FDE73E1A279748C800386DD4 /* FullPrice.swift in Sources */,
				FDEEB793279FD1880038350A /* AccentIcons.swift in Sources */,
				FD396B63279930CC0095FB3D /* ClearButton.swift in Sources */,
				FDC0CF2C279E50880067B276 /* NewTotalView.swift in Sources */,
				FD396B612799309C0095FB3D /* CalculateButton.swift in Sources */,
				FDE73E172796795E00386DD4 /* CalculatorView.swift in Sources */,
				FDE73E1E2797490A00386DD4 /* TotalAfterDiscount.swift in Sources */,
				FDC0CF28279E0EF70067B276 /* List.swift in Sources */,
				FDE73DE12795353700386DD4 /* ShoppingCalcApp.swift in Sources */,
				FDC0CF2A279E1C080067B276 /* ListItem.swift in Sources */,
				FDC0CF35279E75810067B276 /* SettingsView.swift in Sources */,
			);
			runOnlyForDeploymentPostprocessing = 0;
		};
/* End PBXSourcesBuildPhase section */

/* Begin XCBuildConfiguration section */
		FDE73DFF2795353800386DD4 /* Debug */ = {
			isa = XCBuildConfiguration;
			buildSettings = {
				ALWAYS_SEARCH_USER_PATHS = NO;
				CLANG_ANALYZER_NONNULL = YES;
				CLANG_ANALYZER_NUMBER_OBJECT_CONVERSION = YES_AGGRESSIVE;
				CLANG_CXX_LANGUAGE_STANDARD = "gnu++17";
				CLANG_CXX_LIBRARY = "libc++";
				CLANG_ENABLE_MODULES = YES;
				CLANG_ENABLE_OBJC_ARC = YES;
				CLANG_ENABLE_OBJC_WEAK = YES;
				CLANG_WARN_BLOCK_CAPTURE_AUTORELEASING = YES;
				CLANG_WARN_BOOL_CONVERSION = YES;
				CLANG_WARN_COMMA = YES;
				CLANG_WARN_CONSTANT_CONVERSION = YES;
				CLANG_WARN_DEPRECATED_OBJC_IMPLEMENTATIONS = YES;
				CLANG_WARN_DIRECT_OBJC_ISA_USAGE = YES_ERROR;
				CLANG_WARN_DOCUMENTATION_COMMENTS = YES;
				CLANG_WARN_EMPTY_BODY = YES;
				CLANG_WARN_ENUM_CONVERSION = YES;
				CLANG_WARN_INFINITE_RECURSION = YES;
				CLANG_WARN_INT_CONVERSION = YES;
				CLANG_WARN_NON_LITERAL_NULL_CONVERSION = YES;
				CLANG_WARN_OBJC_IMPLICIT_RETAIN_SELF = YES;
				CLANG_WARN_OBJC_LITERAL_CONVERSION = YES;
				CLANG_WARN_OBJC_ROOT_CLASS = YES_ERROR;
				CLANG_WARN_QUOTED_INCLUDE_IN_FRAMEWORK_HEADER = YES;
				CLANG_WARN_RANGE_LOOP_ANALYSIS = YES;
				CLANG_WARN_STRICT_PROTOTYPES = YES;
				CLANG_WARN_SUSPICIOUS_MOVE = YES;
				CLANG_WARN_UNGUARDED_AVAILABILITY = YES_AGGRESSIVE;
				CLANG_WARN_UNREACHABLE_CODE = YES;
				CLANG_WARN__DUPLICATE_METHOD_MATCH = YES;
				COPY_PHASE_STRIP = NO;
				DEBUG_INFORMATION_FORMAT = dwarf;
				ENABLE_STRICT_OBJC_MSGSEND = YES;
				ENABLE_TESTABILITY = YES;
				GCC_C_LANGUAGE_STANDARD = gnu11;
				GCC_DYNAMIC_NO_PIC = NO;
				GCC_NO_COMMON_BLOCKS = YES;
				GCC_OPTIMIZATION_LEVEL = 0;
				GCC_PREPROCESSOR_DEFINITIONS = (
					"DEBUG=1",
					"$(inherited)",
				);
				GCC_WARN_64_TO_32_BIT_CONVERSION = YES;
				GCC_WARN_ABOUT_RETURN_TYPE = YES_ERROR;
				GCC_WARN_UNDECLARED_SELECTOR = YES;
				GCC_WARN_UNINITIALIZED_AUTOS = YES_AGGRESSIVE;
				GCC_WARN_UNUSED_FUNCTION = YES;
				GCC_WARN_UNUSED_VARIABLE = YES;
				IPHONEOS_DEPLOYMENT_TARGET = 14.0;
				MTL_ENABLE_DEBUG_INFO = INCLUDE_SOURCE;
				MTL_FAST_MATH = YES;
				ONLY_ACTIVE_ARCH = YES;
				SDKROOT = iphoneos;
				SWIFT_ACTIVE_COMPILATION_CONDITIONS = DEBUG;
				SWIFT_OPTIMIZATION_LEVEL = "-Onone";
			};
			name = Debug;
		};
		FDE73E002795353800386DD4 /* Release */ = {
			isa = XCBuildConfiguration;
			buildSettings = {
				ALWAYS_SEARCH_USER_PATHS = NO;
				CLANG_ANALYZER_NONNULL = YES;
				CLANG_ANALYZER_NUMBER_OBJECT_CONVERSION = YES_AGGRESSIVE;
				CLANG_CXX_LANGUAGE_STANDARD = "gnu++17";
				CLANG_CXX_LIBRARY = "libc++";
				CLANG_ENABLE_MODULES = YES;
				CLANG_ENABLE_OBJC_ARC = YES;
				CLANG_ENABLE_OBJC_WEAK = YES;
				CLANG_WARN_BLOCK_CAPTURE_AUTORELEASING = YES;
				CLANG_WARN_BOOL_CONVERSION = YES;
				CLANG_WARN_COMMA = YES;
				CLANG_WARN_CONSTANT_CONVERSION = YES;
				CLANG_WARN_DEPRECATED_OBJC_IMPLEMENTATIONS = YES;
				CLANG_WARN_DIRECT_OBJC_ISA_USAGE = YES_ERROR;
				CLANG_WARN_DOCUMENTATION_COMMENTS = YES;
				CLANG_WARN_EMPTY_BODY = YES;
				CLANG_WARN_ENUM_CONVERSION = YES;
				CLANG_WARN_INFINITE_RECURSION = YES;
				CLANG_WARN_INT_CONVERSION = YES;
				CLANG_WARN_NON_LITERAL_NULL_CONVERSION = YES;
				CLANG_WARN_OBJC_IMPLICIT_RETAIN_SELF = YES;
				CLANG_WARN_OBJC_LITERAL_CONVERSION = YES;
				CLANG_WARN_OBJC_ROOT_CLASS = YES_ERROR;
				CLANG_WARN_QUOTED_INCLUDE_IN_FRAMEWORK_HEADER = YES;
				CLANG_WARN_RANGE_LOOP_ANALYSIS = YES;
				CLANG_WARN_STRICT_PROTOTYPES = YES;
				CLANG_WARN_SUSPICIOUS_MOVE = YES;
				CLANG_WARN_UNGUARDED_AVAILABILITY = YES_AGGRESSIVE;
				CLANG_WARN_UNREACHABLE_CODE = YES;
				CLANG_WARN__DUPLICATE_METHOD_MATCH = YES;
				COPY_PHASE_STRIP = NO;
				DEBUG_INFORMATION_FORMAT = "dwarf-with-dsym";
				ENABLE_NS_ASSERTIONS = NO;
				ENABLE_STRICT_OBJC_MSGSEND = YES;
				GCC_C_LANGUAGE_STANDARD = gnu11;
				GCC_NO_COMMON_BLOCKS = YES;
				GCC_WARN_64_TO_32_BIT_CONVERSION = YES;
				GCC_WARN_ABOUT_RETURN_TYPE = YES_ERROR;
				GCC_WARN_UNDECLARED_SELECTOR = YES;
				GCC_WARN_UNINITIALIZED_AUTOS = YES_AGGRESSIVE;
				GCC_WARN_UNUSED_FUNCTION = YES;
				GCC_WARN_UNUSED_VARIABLE = YES;
				IPHONEOS_DEPLOYMENT_TARGET = 14.0;
				MTL_ENABLE_DEBUG_INFO = NO;
				MTL_FAST_MATH = YES;
				SDKROOT = iphoneos;
				SWIFT_COMPILATION_MODE = wholemodule;
				SWIFT_OPTIMIZATION_LEVEL = "-O";
				VALIDATE_PRODUCT = YES;
			};
			name = Release;
		};
		FDE73E022795353800386DD4 /* Debug */ = {
			isa = XCBuildConfiguration;
			buildSettings = {
				ASSETCATALOG_COMPILER_APPICON_NAME = AppIcon;
				ASSETCATALOG_COMPILER_GLOBAL_ACCENT_COLOR_NAME = AccentColor;
				CODE_SIGN_STYLE = Automatic;
				CURRENT_PROJECT_VERSION = 1;
				DEVELOPMENT_ASSET_PATHS = "";
				DEVELOPMENT_TEAM = 9T7P66B6FX;
				ENABLE_PREVIEWS = YES;
				GENERATE_INFOPLIST_FILE = YES;
				INFOPLIST_KEY_UIApplicationSceneManifest_Generation = YES;
				INFOPLIST_KEY_UIApplicationSupportsIndirectInputEvents = YES;
				INFOPLIST_KEY_UILaunchScreen_Generation = YES;
				INFOPLIST_KEY_UISupportedInterfaceOrientations_iPad = "UIInterfaceOrientationPortrait UIInterfaceOrientationPortraitUpsideDown UIInterfaceOrientationLandscapeLeft UIInterfaceOrientationLandscapeRight";
				INFOPLIST_KEY_UISupportedInterfaceOrientations_iPhone = "UIInterfaceOrientationPortrait UIInterfaceOrientationLandscapeLeft UIInterfaceOrientationLandscapeRight";
				IPHONEOS_DEPLOYMENT_TARGET = 15.2;
				LD_RUNPATH_SEARCH_PATHS = (
					"$(inherited)",
					"@executable_path/Frameworks",
				);
				MARKETING_VERSION = 1.0;
				PRODUCT_BUNDLE_IDENTIFIER = alexdiaz.ShoppingCalc;
				PRODUCT_NAME = "$(TARGET_NAME)";
				SWIFT_EMIT_LOC_STRINGS = YES;
				SWIFT_VERSION = 5.0;
				TARGETED_DEVICE_FAMILY = 1;
			};
			name = Debug;
		};
		FDE73E032795353800386DD4 /* Release */ = {
			isa = XCBuildConfiguration;
			buildSettings = {
				ASSETCATALOG_COMPILER_APPICON_NAME = AppIcon;
				ASSETCATALOG_COMPILER_GLOBAL_ACCENT_COLOR_NAME = AccentColor;
				CODE_SIGN_STYLE = Automatic;
				CURRENT_PROJECT_VERSION = 1;
				DEVELOPMENT_ASSET_PATHS = "";
				DEVELOPMENT_TEAM = 9T7P66B6FX;
				ENABLE_PREVIEWS = YES;
				GENERATE_INFOPLIST_FILE = YES;
				INFOPLIST_KEY_UIApplicationSceneManifest_Generation = YES;
				INFOPLIST_KEY_UIApplicationSupportsIndirectInputEvents = YES;
				INFOPLIST_KEY_UILaunchScreen_Generation = YES;
				INFOPLIST_KEY_UISupportedInterfaceOrientations_iPad = "UIInterfaceOrientationPortrait UIInterfaceOrientationPortraitUpsideDown UIInterfaceOrientationLandscapeLeft UIInterfaceOrientationLandscapeRight";
				INFOPLIST_KEY_UISupportedInterfaceOrientations_iPhone = "UIInterfaceOrientationPortrait UIInterfaceOrientationLandscapeLeft UIInterfaceOrientationLandscapeRight";
				IPHONEOS_DEPLOYMENT_TARGET = 15.2;
				LD_RUNPATH_SEARCH_PATHS = (
					"$(inherited)",
					"@executable_path/Frameworks",
				);
				MARKETING_VERSION = 1.0;
				PRODUCT_BUNDLE_IDENTIFIER = alexdiaz.ShoppingCalc;
				PRODUCT_NAME = "$(TARGET_NAME)";
				SWIFT_EMIT_LOC_STRINGS = YES;
				SWIFT_VERSION = 5.0;
				TARGETED_DEVICE_FAMILY = 1;
			};
			name = Release;
		};
/* End XCBuildConfiguration section */

/* Begin XCConfigurationList section */
		FDE73DD82795353700386DD4 /* Build configuration list for PBXProject "ShoppingCalc" */ = {
			isa = XCConfigurationList;
			buildConfigurations = (
				FDE73DFF2795353800386DD4 /* Debug */,
				FDE73E002795353800386DD4 /* Release */,
			);
			defaultConfigurationIsVisible = 0;
			defaultConfigurationName = Release;
		};
		FDE73E012795353800386DD4 /* Build configuration list for PBXNativeTarget "ShoppingCalc" */ = {
			isa = XCConfigurationList;
			buildConfigurations = (
				FDE73E022795353800386DD4 /* Debug */,
				FDE73E032795353800386DD4 /* Release */,
			);
			defaultConfigurationIsVisible = 0;
			defaultConfigurationName = Release;
		};
/* End XCConfigurationList section */
	};
	rootObject = FDE73DD52795353700386DD4 /* Project object */;
}
