// !$*UTF8*$!
{
	archiveVersion = 1;
	classes = {
	};
	objectVersion = 55;
	objects = {

/* Begin PBXBuildFile section */
		FD396B612799309C0095FB3D /* CalculateButton.swift in Sources */ = {isa = PBXBuildFile; fileRef = FD396B602799309C0095FB3D /* CalculateButton.swift */; };
		FD396B63279930CC0095FB3D /* ClearButton.swift in Sources */ = {isa = PBXBuildFile; fileRef = FD396B62279930CC0095FB3D /* ClearButton.swift */; };
		FDE73DE12795353700386DD4 /* ShoppingCalcApp.swift in Sources */ = {isa = PBXBuildFile; fileRef = FDE73DE02795353700386DD4 /* ShoppingCalcApp.swift */; };
		FDE73DE52795353800386DD4 /* Assets.xcassets in Resources */ = {isa = PBXBuildFile; fileRef = FDE73DE42795353800386DD4 /* Assets.xcassets */; };
		FDE73DE82795353800386DD4 /* Preview Assets.xcassets in Resources */ = {isa = PBXBuildFile; fileRef = FDE73DE72795353800386DD4 /* Preview Assets.xcassets */; };
		FDE73DFC2795353800386DD4 /* ShoppingCalcUITests.swift in Sources */ = {isa = PBXBuildFile; fileRef = FDE73DFB2795353800386DD4 /* ShoppingCalcUITests.swift */; };
		FDE73DFE2795353800386DD4 /* ShoppingCalcUITestsLaunchTests.swift in Sources */ = {isa = PBXBuildFile; fileRef = FDE73DFD2795353800386DD4 /* ShoppingCalcUITestsLaunchTests.swift */; };
		FDE73E0B2795357F00386DD4 /* ShoppingCalcTests.swift in Sources */ = {isa = PBXBuildFile; fileRef = FDE73DF12795353800386DD4 /* ShoppingCalcTests.swift */; };
		FDE73E0F279678BF00386DD4 /* FullPriceView.swift in Sources */ = {isa = PBXBuildFile; fileRef = FDE73E0E279678BF00386DD4 /* FullPriceView.swift */; };
		FDE73E11279678E600386DD4 /* DiscountView.swift in Sources */ = {isa = PBXBuildFile; fileRef = FDE73E10279678E600386DD4 /* DiscountView.swift */; };
		FDE73E132796790600386DD4 /* ListView.swift in Sources */ = {isa = PBXBuildFile; fileRef = FDE73E122796790600386DD4 /* ListView.swift */; };
		FDE73E152796793500386DD4 /* MainView.swift in Sources */ = {isa = PBXBuildFile; fileRef = FDE73E142796793500386DD4 /* MainView.swift */; };
		FDE73E172796795E00386DD4 /* CalculatorView.swift in Sources */ = {isa = PBXBuildFile; fileRef = FDE73E162796795E00386DD4 /* CalculatorView.swift */; };
		FDE73E1A279748C800386DD4 /* FullPrice.swift in Sources */ = {isa = PBXBuildFile; fileRef = FDE73E19279748C800386DD4 /* FullPrice.swift */; };
		FDE73E1C279748FA00386DD4 /* Discount.swift in Sources */ = {isa = PBXBuildFile; fileRef = FDE73E1B279748FA00386DD4 /* Discount.swift */; };
		FDE73E1E2797490A00386DD4 /* TotalAfterDiscount.swift in Sources */ = {isa = PBXBuildFile; fileRef = FDE73E1D2797490A00386DD4 /* TotalAfterDiscount.swift */; };
		FDE73E202797CFB700386DD4 /* TotalAfterDiscountView.swift in Sources */ = {isa = PBXBuildFile; fileRef = FDE73E1F2797CFB700386DD4 /* TotalAfterDiscountView.swift */; };
/* End PBXBuildFile section */

/* Begin PBXContainerItemProxy section */
		FDE73DEE2795353800386DD4 /* PBXContainerItemProxy */ = {
			isa = PBXContainerItemProxy;
			containerPortal = FDE73DD52795353700386DD4 /* Project object */;
			proxyType = 1;
			remoteGlobalIDString = FDE73DDC2795353700386DD4;
			remoteInfo = ShoppingCalc;
		};
		FDE73DF82795353800386DD4 /* PBXContainerItemProxy */ = {
			isa = PBXContainerItemProxy;
			containerPortal = FDE73DD52795353700386DD4 /* Project object */;
			proxyType = 1;
			remoteGlobalIDString = FDE73DDC2795353700386DD4;
			remoteInfo = ShoppingCalc;
		};
/* End PBXContainerItemProxy section */

/* Begin PBXFileReference section */
		FD396B602799309C0095FB3D /* CalculateButton.swift */ = {isa = PBXFileReference; lastKnownFileType = sourcecode.swift; path = CalculateButton.swift; sourceTree = "<group>"; };
		FD396B62279930CC0095FB3D /* ClearButton.swift */ = {isa = PBXFileReference; lastKnownFileType = sourcecode.swift; path = ClearButton.swift; sourceTree = "<group>"; };
		FDE73DDD2795353700386DD4 /* ShoppingCalc.app */ = {isa = PBXFileReference; explicitFileType = wrapper.application; includeInIndex = 0; path = ShoppingCalc.app; sourceTree = BUILT_PRODUCTS_DIR; };
		FDE73DE02795353700386DD4 /* ShoppingCalcApp.swift */ = {isa = PBXFileReference; lastKnownFileType = sourcecode.swift; path = ShoppingCalcApp.swift; sourceTree = "<group>"; };
		FDE73DE42795353800386DD4 /* Assets.xcassets */ = {isa = PBXFileReference; lastKnownFileType = folder.assetcatalog; path = Assets.xcassets; sourceTree = "<group>"; };
		FDE73DE72795353800386DD4 /* Preview Assets.xcassets */ = {isa = PBXFileReference; lastKnownFileType = folder.assetcatalog; path = "Preview Assets.xcassets"; sourceTree = "<group>"; };
		FDE73DED2795353800386DD4 /* ShoppingCalcTests.xctest */ = {isa = PBXFileReference; explicitFileType = wrapper.cfbundle; includeInIndex = 0; path = ShoppingCalcTests.xctest; sourceTree = BUILT_PRODUCTS_DIR; };
		FDE73DF12795353800386DD4 /* ShoppingCalcTests.swift */ = {isa = PBXFileReference; lastKnownFileType = sourcecode.swift; path = ShoppingCalcTests.swift; sourceTree = "<group>"; };
		FDE73DF72795353800386DD4 /* ShoppingCalcUITests.xctest */ = {isa = PBXFileReference; explicitFileType = wrapper.cfbundle; includeInIndex = 0; path = ShoppingCalcUITests.xctest; sourceTree = BUILT_PRODUCTS_DIR; };
		FDE73DFB2795353800386DD4 /* ShoppingCalcUITests.swift */ = {isa = PBXFileReference; lastKnownFileType = sourcecode.swift; path = ShoppingCalcUITests.swift; sourceTree = "<group>"; };
		FDE73DFD2795353800386DD4 /* ShoppingCalcUITestsLaunchTests.swift */ = {isa = PBXFileReference; lastKnownFileType = sourcecode.swift; path = ShoppingCalcUITestsLaunchTests.swift; sourceTree = "<group>"; };
		FDE73E0E279678BF00386DD4 /* FullPriceView.swift */ = {isa = PBXFileReference; lastKnownFileType = sourcecode.swift; path = FullPriceView.swift; sourceTree = "<group>"; };
		FDE73E10279678E600386DD4 /* DiscountView.swift */ = {isa = PBXFileReference; lastKnownFileType = sourcecode.swift; path = DiscountView.swift; sourceTree = "<group>"; };
		FDE73E122796790600386DD4 /* ListView.swift */ = {isa = PBXFileReference; lastKnownFileType = sourcecode.swift; path = ListView.swift; sourceTree = "<group>"; };
		FDE73E142796793500386DD4 /* MainView.swift */ = {isa = PBXFileReference; lastKnownFileType = sourcecode.swift; path = MainView.swift; sourceTree = "<group>"; };
		FDE73E162796795E00386DD4 /* CalculatorView.swift */ = {isa = PBXFileReference; lastKnownFileType = sourcecode.swift; path = CalculatorView.swift; sourceTree = "<group>"; };
		FDE73E19279748C800386DD4 /* FullPrice.swift */ = {isa = PBXFileReference; lastKnownFileType = sourcecode.swift; path = FullPrice.swift; sourceTree = "<group>"; };
		FDE73E1B279748FA00386DD4 /* Discount.swift */ = {isa = PBXFileReference; lastKnownFileType = sourcecode.swift; path = Discount.swift; sourceTree = "<group>"; };
		FDE73E1D2797490A00386DD4 /* TotalAfterDiscount.swift */ = {isa = PBXFileReference; lastKnownFileType = sourcecode.swift; path = TotalAfterDiscount.swift; sourceTree = "<group>"; };
		FDE73E1F2797CFB700386DD4 /* TotalAfterDiscountView.swift */ = {isa = PBXFileReference; lastKnownFileType = sourcecode.swift; path = TotalAfterDiscountView.swift; sourceTree = "<group>"; };
/* End PBXFileReference section */

/* Begin PBXFrameworksBuildPhase section */
		FDE73DDA2795353700386DD4 /* Frameworks */ = {
			isa = PBXFrameworksBuildPhase;
			buildActionMask = 2147483647;
			files = (
			);
			runOnlyForDeploymentPostprocessing = 0;
		};
		FDE73DEA2795353800386DD4 /* Frameworks */ = {
			isa = PBXFrameworksBuildPhase;
			buildActionMask = 2147483647;
			files = (
			);
			runOnlyForDeploymentPostprocessing = 0;
		};
		FDE73DF42795353800386DD4 /* Frameworks */ = {
			isa = PBXFrameworksBuildPhase;
			buildActionMask = 2147483647;
			files = (
			);
			runOnlyForDeploymentPostprocessing = 0;
		};
/* End PBXFrameworksBuildPhase section */

/* Begin PBXGroup section */
		FDE73DD42795353700386DD4 = {
			isa = PBXGroup;
			children = (
				FDE73DDF2795353700386DD4 /* ShoppingCalc */,
				FDE73E0A2795355200386DD4 /* Testing */,
				FDE73DDE2795353700386DD4 /* Products */,
			);
			sourceTree = "<group>";
		};
		FDE73DDE2795353700386DD4 /* Products */ = {
			isa = PBXGroup;
			children = (
				FDE73DDD2795353700386DD4 /* ShoppingCalc.app */,
				FDE73DED2795353800386DD4 /* ShoppingCalcTests.xctest */,
				FDE73DF72795353800386DD4 /* ShoppingCalcUITests.xctest */,
			);
			name = Products;
			sourceTree = "<group>";
		};
		FDE73DDF2795353700386DD4 /* ShoppingCalc */ = {
			isa = PBXGroup;
			children = (
				FDE73DE02795353700386DD4 /* ShoppingCalcApp.swift */,
				FDE73E182797488D00386DD4 /* Models */,
				FDE73E0D2796784200386DD4 /* View Components */,
				FDE73E0C2796783200386DD4 /* Screens */,
				FDE73DE42795353800386DD4 /* Assets.xcassets */,
				FDE73DE62795353800386DD4 /* Preview Content */,
			);
			path = ShoppingCalc;
			sourceTree = "<group>";
		};
		FDE73DE62795353800386DD4 /* Preview Content */ = {
			isa = PBXGroup;
			children = (
				FDE73DE72795353800386DD4 /* Preview Assets.xcassets */,
			);
			path = "Preview Content";
			sourceTree = "<group>";
		};
		FDE73DF02795353800386DD4 /* ShoppingCalcTests */ = {
			isa = PBXGroup;
			children = (
				FDE73DFA2795353800386DD4 /* ShoppingCalcUITests */,
			);
			path = ShoppingCalcTests;
			sourceTree = "<group>";
		};
		FDE73DFA2795353800386DD4 /* ShoppingCalcUITests */ = {
			isa = PBXGroup;
			children = (
				FDE73DFB2795353800386DD4 /* ShoppingCalcUITests.swift */,
				FDE73DFD2795353800386DD4 /* ShoppingCalcUITestsLaunchTests.swift */,
				FDE73DF12795353800386DD4 /* ShoppingCalcTests.swift */,
			);
			path = ShoppingCalcUITests;
			sourceTree = "<group>";
		};
		FDE73E0A2795355200386DD4 /* Testing */ = {
			isa = PBXGroup;
			children = (
				FDE73DF02795353800386DD4 /* ShoppingCalcTests */,
			);
			path = Testing;
			sourceTree = "<group>";
		};
		FDE73E0C2796783200386DD4 /* Screens */ = {
			isa = PBXGroup;
			children = (
				FDE73E142796793500386DD4 /* MainView.swift */,
				FDE73E162796795E00386DD4 /* CalculatorView.swift */,
				FDE73E122796790600386DD4 /* ListView.swift */,
			);
			path = Screens;
			sourceTree = "<group>";
		};
		FDE73E0D2796784200386DD4 /* View Components */ = {
			isa = PBXGroup;
			children = (
				FDE73E0E279678BF00386DD4 /* FullPriceView.swift */,
				FDE73E10279678E600386DD4 /* DiscountView.swift */,
				FDE73E1F2797CFB700386DD4 /* TotalAfterDiscountView.swift */,
				FD396B602799309C0095FB3D /* CalculateButton.swift */,
				FD396B62279930CC0095FB3D /* ClearButton.swift */,
			);
			path = "View Components";
			sourceTree = "<group>";
		};
		FDE73E182797488D00386DD4 /* Models */ = {
			isa = PBXGroup;
			children = (
				FDE73E19279748C800386DD4 /* FullPrice.swift */,
				FDE73E1B279748FA00386DD4 /* Discount.swift */,
				FDE73E1D2797490A00386DD4 /* TotalAfterDiscount.swift */,
			);
			path = Models;
			sourceTree = "<group>";
		};
/* End PBXGroup section */

/* Begin PBXNativeTarget section */
		FDE73DDC2795353700386DD4 /* ShoppingCalc */ = {
			isa = PBXNativeTarget;
			buildConfigurationList = FDE73E012795353800386DD4 /* Build configuration list for PBXNativeTarget "ShoppingCalc" */;
			buildPhases = (
				FDE73DD92795353700386DD4 /* Sources */,
				FDE73DDA2795353700386DD4 /* Frameworks */,
				FDE73DDB2795353700386DD4 /* Resources */,
			);
			buildRules = (
			);
			dependencies = (
			);
			name = ShoppingCalc;
			productName = ShoppingCalc;
			productReference = FDE73DDD2795353700386DD4 /* ShoppingCalc.app */;
			productType = "com.apple.product-type.application";
		};
		FDE73DEC2795353800386DD4 /* ShoppingCalcTests */ = {
			isa = PBXNativeTarget;
			buildConfigurationList = FDE73E042795353800386DD4 /* Build configuration list for PBXNativeTarget "ShoppingCalcTests" */;
			buildPhases = (
				FDE73DE92795353800386DD4 /* Sources */,
				FDE73DEA2795353800386DD4 /* Frameworks */,
				FDE73DEB2795353800386DD4 /* Resources */,
			);
			buildRules = (
			);
			dependencies = (
				FDE73DEF2795353800386DD4 /* PBXTargetDependency */,
			);
			name = ShoppingCalcTests;
			productName = ShoppingCalcTests;
			productReference = FDE73DED2795353800386DD4 /* ShoppingCalcTests.xctest */;
			productType = "com.apple.product-type.bundle.unit-test";
		};
		FDE73DF62795353800386DD4 /* ShoppingCalcUITests */ = {
			isa = PBXNativeTarget;
			buildConfigurationList = FDE73E072795353800386DD4 /* Build configuration list for PBXNativeTarget "ShoppingCalcUITests" */;
			buildPhases = (
				FDE73DF32795353800386DD4 /* Sources */,
				FDE73DF42795353800386DD4 /* Frameworks */,
				FDE73DF52795353800386DD4 /* Resources */,
			);
			buildRules = (
			);
			dependencies = (
				FDE73DF92795353800386DD4 /* PBXTargetDependency */,
			);
			name = ShoppingCalcUITests;
			productName = ShoppingCalcUITests;
			productReference = FDE73DF72795353800386DD4 /* ShoppingCalcUITests.xctest */;
			productType = "com.apple.product-type.bundle.ui-testing";
		};
/* End PBXNativeTarget section */

/* Begin PBXProject section */
		FDE73DD52795353700386DD4 /* Project object */ = {
			isa = PBXProject;
			attributes = {
				BuildIndependentTargetsInParallel = 1;
				LastSwiftUpdateCheck = 1320;
				LastUpgradeCheck = 1320;
				TargetAttributes = {
					FDE73DDC2795353700386DD4 = {
						CreatedOnToolsVersion = 13.2.1;
					};
					FDE73DEC2795353800386DD4 = {
						CreatedOnToolsVersion = 13.2.1;
						TestTargetID = FDE73DDC2795353700386DD4;
					};
					FDE73DF62795353800386DD4 = {
						CreatedOnToolsVersion = 13.2.1;
						TestTargetID = FDE73DDC2795353700386DD4;
					};
				};
			};
			buildConfigurationList = FDE73DD82795353700386DD4 /* Build configuration list for PBXProject "ShoppingCalc" */;
			compatibilityVersion = "Xcode 13.0";
			developmentRegion = en;
			hasScannedForEncodings = 0;
			knownRegions = (
				en,
				Base,
			);
			mainGroup = FDE73DD42795353700386DD4;
			productRefGroup = FDE73DDE2795353700386DD4 /* Products */;
			projectDirPath = "";
			projectRoot = "";
			targets = (
				FDE73DDC2795353700386DD4 /* ShoppingCalc */,
				FDE73DEC2795353800386DD4 /* ShoppingCalcTests */,
				FDE73DF62795353800386DD4 /* ShoppingCalcUITests */,
			);
		};
/* End PBXProject section */

/* Begin PBXResourcesBuildPhase section */
		FDE73DDB2795353700386DD4 /* Resources */ = {
			isa = PBXResourcesBuildPhase;
			buildActionMask = 2147483647;
			files = (
				FDE73DE82795353800386DD4 /* Preview Assets.xcassets in Resources */,
				FDE73DE52795353800386DD4 /* Assets.xcassets in Resources */,
			);
			runOnlyForDeploymentPostprocessing = 0;
		};
		FDE73DEB2795353800386DD4 /* Resources */ = {
			isa = PBXResourcesBuildPhase;
			buildActionMask = 2147483647;
			files = (
			);
			runOnlyForDeploymentPostprocessing = 0;
		};
		FDE73DF52795353800386DD4 /* Resources */ = {
			isa = PBXResourcesBuildPhase;
			buildActionMask = 2147483647;
			files = (
			);
			runOnlyForDeploymentPostprocessing = 0;
		};
/* End PBXResourcesBuildPhase section */

/* Begin PBXSourcesBuildPhase section */
		FDE73DD92795353700386DD4 /* Sources */ = {
			isa = PBXSourcesBuildPhase;
			buildActionMask = 2147483647;
			files = (
				FDE73E152796793500386DD4 /* MainView.swift in Sources */,
				FDE73E202797CFB700386DD4 /* TotalAfterDiscountView.swift in Sources */,
				FDE73E11279678E600386DD4 /* DiscountView.swift in Sources */,
				FDE73E1C279748FA00386DD4 /* Discount.swift in Sources */,
				FDE73E132796790600386DD4 /* ListView.swift in Sources */,
				FDE73E0F279678BF00386DD4 /* FullPriceView.swift in Sources */,
				FDE73E1A279748C800386DD4 /* FullPrice.swift in Sources */,
				FD396B63279930CC0095FB3D /* ClearButton.swift in Sources */,
				FD396B612799309C0095FB3D /* CalculateButton.swift in Sources */,
				FDE73E172796795E00386DD4 /* CalculatorView.swift in Sources */,
				FDE73E1E2797490A00386DD4 /* TotalAfterDiscount.swift in Sources */,
				FDE73DE12795353700386DD4 /* ShoppingCalcApp.swift in Sources */,
			);
			runOnlyForDeploymentPostprocessing = 0;
		};
		FDE73DE92795353800386DD4 /* Sources */ = {
			isa = PBXSourcesBuildPhase;
			buildActionMask = 2147483647;
			files = (
			);
			runOnlyForDeploymentPostprocessing = 0;
		};
		FDE73DF32795353800386DD4 /* Sources */ = {
			isa = PBXSourcesBuildPhase;
			buildActionMask = 2147483647;
			files = (
				FDE73DFC2795353800386DD4 /* ShoppingCalcUITests.swift in Sources */,
				FDE73DFE2795353800386DD4 /* ShoppingCalcUITestsLaunchTests.swift in Sources */,
				FDE73E0B2795357F00386DD4 /* ShoppingCalcTests.swift in Sources */,
			);
			runOnlyForDeploymentPostprocessing = 0;
		};
/* End PBXSourcesBuildPhase section */

/* Begin PBXTargetDependency section */
		FDE73DEF2795353800386DD4 /* PBXTargetDependency */ = {
			isa = PBXTargetDependency;
			target = FDE73DDC2795353700386DD4 /* ShoppingCalc */;
			targetProxy = FDE73DEE2795353800386DD4 /* PBXContainerItemProxy */;
		};
		FDE73DF92795353800386DD4 /* PBXTargetDependency */ = {
			isa = PBXTargetDependency;
			target = FDE73DDC2795353700386DD4 /* ShoppingCalc */;
			targetProxy = FDE73DF82795353800386DD4 /* PBXContainerItemProxy */;
		};
/* End PBXTargetDependency section */

/* Begin XCBuildConfiguration section */
		FDE73DFF2795353800386DD4 /* Debug */ = {
			isa = XCBuildConfiguration;
			buildSettings = {
				ALWAYS_SEARCH_USER_PATHS = NO;
				CLANG_ANALYZER_NONNULL = YES;
				CLANG_ANALYZER_NUMBER_OBJECT_CONVERSION = YES_AGGRESSIVE;
				CLANG_CXX_LANGUAGE_STANDARD = "gnu++17";
				CLANG_CXX_LIBRARY = "libc++";
				CLANG_ENABLE_MODULES = YES;
				CLANG_ENABLE_OBJC_ARC = YES;
				CLANG_ENABLE_OBJC_WEAK = YES;
				CLANG_WARN_BLOCK_CAPTURE_AUTORELEASING = YES;
				CLANG_WARN_BOOL_CONVERSION = YES;
				CLANG_WARN_COMMA = YES;
				CLANG_WARN_CONSTANT_CONVERSION = YES;
				CLANG_WARN_DEPRECATED_OBJC_IMPLEMENTATIONS = YES;
				CLANG_WARN_DIRECT_OBJC_ISA_USAGE = YES_ERROR;
				CLANG_WARN_DOCUMENTATION_COMMENTS = YES;
				CLANG_WARN_EMPTY_BODY = YES;
				CLANG_WARN_ENUM_CONVERSION = YES;
				CLANG_WARN_INFINITE_RECURSION = YES;
				CLANG_WARN_INT_CONVERSION = YES;
				CLANG_WARN_NON_LITERAL_NULL_CONVERSION = YES;
				CLANG_WARN_OBJC_IMPLICIT_RETAIN_SELF = YES;
				CLANG_WARN_OBJC_LITERAL_CONVERSION = YES;
				CLANG_WARN_OBJC_ROOT_CLASS = YES_ERROR;
				CLANG_WARN_QUOTED_INCLUDE_IN_FRAMEWORK_HEADER = YES;
				CLANG_WARN_RANGE_LOOP_ANALYSIS = YES;
				CLANG_WARN_STRICT_PROTOTYPES = YES;
				CLANG_WARN_SUSPICIOUS_MOVE = YES;
				CLANG_WARN_UNGUARDED_AVAILABILITY = YES_AGGRESSIVE;
				CLANG_WARN_UNREACHABLE_CODE = YES;
				CLANG_WARN__DUPLICATE_METHOD_MATCH = YES;
				COPY_PHASE_STRIP = NO;
				DEBUG_INFORMATION_FORMAT = dwarf;
				ENABLE_STRICT_OBJC_MSGSEND = YES;
				ENABLE_TESTABILITY = YES;
				GCC_C_LANGUAGE_STANDARD = gnu11;
				GCC_DYNAMIC_NO_PIC = NO;
				GCC_NO_COMMON_BLOCKS = YES;
				GCC_OPTIMIZATION_LEVEL = 0;
				GCC_PREPROCESSOR_DEFINITIONS = (
					"DEBUG=1",
					"$(inherited)",
				);
				GCC_WARN_64_TO_32_BIT_CONVERSION = YES;
				GCC_WARN_ABOUT_RETURN_TYPE = YES_ERROR;
				GCC_WARN_UNDECLARED_SELECTOR = YES;
				GCC_WARN_UNINITIALIZED_AUTOS = YES_AGGRESSIVE;
				GCC_WARN_UNUSED_FUNCTION = YES;
				GCC_WARN_UNUSED_VARIABLE = YES;
				IPHONEOS_DEPLOYMENT_TARGET = 15.2;
				MTL_ENABLE_DEBUG_INFO = INCLUDE_SOURCE;
				MTL_FAST_MATH = YES;
				ONLY_ACTIVE_ARCH = YES;
				SDKROOT = iphoneos;
				SWIFT_ACTIVE_COMPILATION_CONDITIONS = DEBUG;
				SWIFT_OPTIMIZATION_LEVEL = "-Onone";
			};
			name = Debug;
		};
		FDE73E002795353800386DD4 /* Release */ = {
			isa = XCBuildConfiguration;
			buildSettings = {
				ALWAYS_SEARCH_USER_PATHS = NO;
				CLANG_ANALYZER_NONNULL = YES;
				CLANG_ANALYZER_NUMBER_OBJECT_CONVERSION = YES_AGGRESSIVE;
				CLANG_CXX_LANGUAGE_STANDARD = "gnu++17";
				CLANG_CXX_LIBRARY = "libc++";
				CLANG_ENABLE_MODULES = YES;
				CLANG_ENABLE_OBJC_ARC = YES;
				CLANG_ENABLE_OBJC_WEAK = YES;
				CLANG_WARN_BLOCK_CAPTURE_AUTORELEASING = YES;
				CLANG_WARN_BOOL_CONVERSION = YES;
				CLANG_WARN_COMMA = YES;
				CLANG_WARN_CONSTANT_CONVERSION = YES;
				CLANG_WARN_DEPRECATED_OBJC_IMPLEMENTATIONS = YES;
				CLANG_WARN_DIRECT_OBJC_ISA_USAGE = YES_ERROR;
				CLANG_WARN_DOCUMENTATION_COMMENTS = YES;
				CLANG_WARN_EMPTY_BODY = YES;
				CLANG_WARN_ENUM_CONVERSION = YES;
				CLANG_WARN_INFINITE_RECURSION = YES;
				CLANG_WARN_INT_CONVERSION = YES;
				CLANG_WARN_NON_LITERAL_NULL_CONVERSION = YES;
				CLANG_WARN_OBJC_IMPLICIT_RETAIN_SELF = YES;
				CLANG_WARN_OBJC_LITERAL_CONVERSION = YES;
				CLANG_WARN_OBJC_ROOT_CLASS = YES_ERROR;
				CLANG_WARN_QUOTED_INCLUDE_IN_FRAMEWORK_HEADER = YES;
				CLANG_WARN_RANGE_LOOP_ANALYSIS = YES;
				CLANG_WARN_STRICT_PROTOTYPES = YES;
				CLANG_WARN_SUSPICIOUS_MOVE = YES;
				CLANG_WARN_UNGUARDED_AVAILABILITY = YES_AGGRESSIVE;
				CLANG_WARN_UNREACHABLE_CODE = YES;
				CLANG_WARN__DUPLICATE_METHOD_MATCH = YES;
				COPY_PHASE_STRIP = NO;
				DEBUG_INFORMATION_FORMAT = "dwarf-with-dsym";
				ENABLE_NS_ASSERTIONS = NO;
				ENABLE_STRICT_OBJC_MSGSEND = YES;
				GCC_C_LANGUAGE_STANDARD = gnu11;
				GCC_NO_COMMON_BLOCKS = YES;
				GCC_WARN_64_TO_32_BIT_CONVERSION = YES;
				GCC_WARN_ABOUT_RETURN_TYPE = YES_ERROR;
				GCC_WARN_UNDECLARED_SELECTOR = YES;
				GCC_WARN_UNINITIALIZED_AUTOS = YES_AGGRESSIVE;
				GCC_WARN_UNUSED_FUNCTION = YES;
				GCC_WARN_UNUSED_VARIABLE = YES;
				IPHONEOS_DEPLOYMENT_TARGET = 15.2;
				MTL_ENABLE_DEBUG_INFO = NO;
				MTL_FAST_MATH = YES;
				SDKROOT = iphoneos;
				SWIFT_COMPILATION_MODE = wholemodule;
				SWIFT_OPTIMIZATION_LEVEL = "-O";
				VALIDATE_PRODUCT = YES;
			};
			name = Release;
		};
		FDE73E022795353800386DD4 /* Debug */ = {
			isa = XCBuildConfiguration;
			buildSettings = {
				ASSETCATALOG_COMPILER_APPICON_NAME = AppIcon;
				ASSETCATALOG_COMPILER_GLOBAL_ACCENT_COLOR_NAME = AccentColor;
				CODE_SIGN_STYLE = Automatic;
				CURRENT_PROJECT_VERSION = 1;
				DEVELOPMENT_ASSET_PATHS = "\"ShoppingCalc/Preview Content\"";
				DEVELOPMENT_TEAM = 9T7P66B6FX;
				ENABLE_PREVIEWS = YES;
				GENERATE_INFOPLIST_FILE = YES;
				INFOPLIST_KEY_UIApplicationSceneManifest_Generation = YES;
				INFOPLIST_KEY_UIApplicationSupportsIndirectInputEvents = YES;
				INFOPLIST_KEY_UILaunchScreen_Generation = YES;
				INFOPLIST_KEY_UISupportedInterfaceOrientations_iPad = "UIInterfaceOrientationPortrait UIInterfaceOrientationPortraitUpsideDown UIInterfaceOrientationLandscapeLeft UIInterfaceOrientationLandscapeRight";
				INFOPLIST_KEY_UISupportedInterfaceOrientations_iPhone = "UIInterfaceOrientationPortrait UIInterfaceOrientationLandscapeLeft UIInterfaceOrientationLandscapeRight";
				LD_RUNPATH_SEARCH_PATHS = (
					"$(inherited)",
					"@executable_path/Frameworks",
				);
				MARKETING_VERSION = 1.0;
				PRODUCT_BUNDLE_IDENTIFIER = alexdiaz.ShoppingCalc;
				PRODUCT_NAME = "$(TARGET_NAME)";
				SWIFT_EMIT_LOC_STRINGS = YES;
				SWIFT_VERSION = 5.0;
				TARGETED_DEVICE_FAMILY = "1,2";
			};
			name = Debug;
		};
		FDE73E032795353800386DD4 /* Release */ = {
			isa = XCBuildConfiguration;
			buildSettings = {
				ASSETCATALOG_COMPILER_APPICON_NAME = AppIcon;
				ASSETCATALOG_COMPILER_GLOBAL_ACCENT_COLOR_NAME = AccentColor;
				CODE_SIGN_STYLE = Automatic;
				CURRENT_PROJECT_VERSION = 1;
				DEVELOPMENT_ASSET_PATHS = "\"ShoppingCalc/Preview Content\"";
				DEVELOPMENT_TEAM = 9T7P66B6FX;
				ENABLE_PREVIEWS = YES;
				GENERATE_INFOPLIST_FILE = YES;
				INFOPLIST_KEY_UIApplicationSceneManifest_Generation = YES;
				INFOPLIST_KEY_UIApplicationSupportsIndirectInputEvents = YES;
				INFOPLIST_KEY_UILaunchScreen_Generation = YES;
				INFOPLIST_KEY_UISupportedInterfaceOrientations_iPad = "UIInterfaceOrientationPortrait UIInterfaceOrientationPortraitUpsideDown UIInterfaceOrientationLandscapeLeft UIInterfaceOrientationLandscapeRight";
				INFOPLIST_KEY_UISupportedInterfaceOrientations_iPhone = "UIInterfaceOrientationPortrait UIInterfaceOrientationLandscapeLeft UIInterfaceOrientationLandscapeRight";
				LD_RUNPATH_SEARCH_PATHS = (
					"$(inherited)",
					"@executable_path/Frameworks",
				);
				MARKETING_VERSION = 1.0;
				PRODUCT_BUNDLE_IDENTIFIER = alexdiaz.ShoppingCalc;
				PRODUCT_NAME = "$(TARGET_NAME)";
				SWIFT_EMIT_LOC_STRINGS = YES;
				SWIFT_VERSION = 5.0;
				TARGETED_DEVICE_FAMILY = "1,2";
			};
			name = Release;
		};
		FDE73E052795353800386DD4 /* Debug */ = {
			isa = XCBuildConfiguration;
			buildSettings = {
				ALWAYS_EMBED_SWIFT_STANDARD_LIBRARIES = YES;
				BUNDLE_LOADER = "$(TEST_HOST)";
				CODE_SIGN_STYLE = Automatic;
				CURRENT_PROJECT_VERSION = 1;
				DEVELOPMENT_TEAM = 9T7P66B6FX;
				GENERATE_INFOPLIST_FILE = YES;
				IPHONEOS_DEPLOYMENT_TARGET = 15.2;
				MARKETING_VERSION = 1.0;
				PRODUCT_BUNDLE_IDENTIFIER = alexdiaz.ShoppingCalcTests;
				PRODUCT_NAME = "$(TARGET_NAME)";
				SWIFT_EMIT_LOC_STRINGS = NO;
				SWIFT_VERSION = 5.0;
				TARGETED_DEVICE_FAMILY = "1,2";
				TEST_HOST = "$(BUILT_PRODUCTS_DIR)/ShoppingCalc.app/ShoppingCalc";
			};
			name = Debug;
		};
		FDE73E062795353800386DD4 /* Release */ = {
			isa = XCBuildConfiguration;
			buildSettings = {
				ALWAYS_EMBED_SWIFT_STANDARD_LIBRARIES = YES;
				BUNDLE_LOADER = "$(TEST_HOST)";
				CODE_SIGN_STYLE = Automatic;
				CURRENT_PROJECT_VERSION = 1;
				DEVELOPMENT_TEAM = 9T7P66B6FX;
				GENERATE_INFOPLIST_FILE = YES;
				IPHONEOS_DEPLOYMENT_TARGET = 15.2;
				MARKETING_VERSION = 1.0;
				PRODUCT_BUNDLE_IDENTIFIER = alexdiaz.ShoppingCalcTests;
				PRODUCT_NAME = "$(TARGET_NAME)";
				SWIFT_EMIT_LOC_STRINGS = NO;
				SWIFT_VERSION = 5.0;
				TARGETED_DEVICE_FAMILY = "1,2";
				TEST_HOST = "$(BUILT_PRODUCTS_DIR)/ShoppingCalc.app/ShoppingCalc";
			};
			name = Release;
		};
		FDE73E082795353800386DD4 /* Debug */ = {
			isa = XCBuildConfiguration;
			buildSettings = {
				ALWAYS_EMBED_SWIFT_STANDARD_LIBRARIES = YES;
				CODE_SIGN_STYLE = Automatic;
				CURRENT_PROJECT_VERSION = 1;
				DEVELOPMENT_TEAM = 9T7P66B6FX;
				GENERATE_INFOPLIST_FILE = YES;
				MARKETING_VERSION = 1.0;
				PRODUCT_BUNDLE_IDENTIFIER = alexdiaz.ShoppingCalcUITests;
				PRODUCT_NAME = "$(TARGET_NAME)";
				SWIFT_EMIT_LOC_STRINGS = NO;
				SWIFT_VERSION = 5.0;
				TARGETED_DEVICE_FAMILY = "1,2";
				TEST_TARGET_NAME = ShoppingCalc;
			};
			name = Debug;
		};
		FDE73E092795353800386DD4 /* Release */ = {
			isa = XCBuildConfiguration;
			buildSettings = {
				ALWAYS_EMBED_SWIFT_STANDARD_LIBRARIES = YES;
				CODE_SIGN_STYLE = Automatic;
				CURRENT_PROJECT_VERSION = 1;
				DEVELOPMENT_TEAM = 9T7P66B6FX;
				GENERATE_INFOPLIST_FILE = YES;
				MARKETING_VERSION = 1.0;
				PRODUCT_BUNDLE_IDENTIFIER = alexdiaz.ShoppingCalcUITests;
				PRODUCT_NAME = "$(TARGET_NAME)";
				SWIFT_EMIT_LOC_STRINGS = NO;
				SWIFT_VERSION = 5.0;
				TARGETED_DEVICE_FAMILY = "1,2";
				TEST_TARGET_NAME = ShoppingCalc;
			};
			name = Release;
		};
/* End XCBuildConfiguration section */

/* Begin XCConfigurationList section */
		FDE73DD82795353700386DD4 /* Build configuration list for PBXProject "ShoppingCalc" */ = {
			isa = XCConfigurationList;
			buildConfigurations = (
				FDE73DFF2795353800386DD4 /* Debug */,
				FDE73E002795353800386DD4 /* Release */,
			);
			defaultConfigurationIsVisible = 0;
			defaultConfigurationName = Release;
		};
		FDE73E012795353800386DD4 /* Build configuration list for PBXNativeTarget "ShoppingCalc" */ = {
			isa = XCConfigurationList;
			buildConfigurations = (
				FDE73E022795353800386DD4 /* Debug */,
				FDE73E032795353800386DD4 /* Release */,
			);
			defaultConfigurationIsVisible = 0;
			defaultConfigurationName = Release;
		};
		FDE73E042795353800386DD4 /* Build configuration list for PBXNativeTarget "ShoppingCalcTests" */ = {
			isa = XCConfigurationList;
			buildConfigurations = (
				FDE73E052795353800386DD4 /* Debug */,
				FDE73E062795353800386DD4 /* Release */,
			);
			defaultConfigurationIsVisible = 0;
			defaultConfigurationName = Release;
		};
		FDE73E072795353800386DD4 /* Build configuration list for PBXNativeTarget "ShoppingCalcUITests" */ = {
			isa = XCConfigurationList;
			buildConfigurations = (
				FDE73E082795353800386DD4 /* Debug */,
				FDE73E092795353800386DD4 /* Release */,
			);
			defaultConfigurationIsVisible = 0;
			defaultConfigurationName = Release;
		};
/* End XCConfigurationList section */
	};
	rootObject = FDE73DD52795353700386DD4 /* Project object */;
}
